# generated by rye
# use `rye lock` or `rye sync` to update this lockfile
#
# last locked with the following flags:
#   pre: false
#   features: []
#   all-features: false
#   with-sources: false
#   generate-hashes: false
#   universal: false

-e file:.
altgraph==0.17.4
    # via pyinstaller
numpy==2.2.4
    # via opencv-python
    # via opencv-python-headless
    # via thumbnail-generator-gui
opencv-python==4.11.0.86
    # via thumbnail-generator-gui
opencv-python-headless==4.11.0.86
    # via thumbnail-generator-gui
packaging==24.2
    # via pyinstaller
    # via pyinstaller-hooks-contrib
pefile==2023.2.7
    # via pyinstaller
pillow==11.1.0
    # via thumbnail-generator-gui
pyinstaller==6.12.0
pyinstaller-hooks-contrib==2025.2
    # via pyinstaller
pywin32-ctypes==0.2.3
    # via pyinstaller
setuptools==78.1.0
    # via pyinstaller
    # via pyinstaller-hooks-contrib
